
Microsoft Visual Studio Solution File, Format Version 12.00
# Visual Studio Version 16
VisualStudioVersion = 16.0.30114.105
MinimumVisualStudioVersion = 10.0.40219.1
Project("{2150E333-8FDC-42A3-9474-1A3956D46DE8}") = "Services", "Services", "{5B99CF45-87A2-4452-9DE2-420CA65D03BD}"
EndProject
Project("{2150E333-8FDC-42A3-9474-1A3956D46DE8}") = "Product", "Product", "{C0374074-E6AC-488E-95E2-5C2347E44C6E}"
EndProject
Project("{9A19103F-16F7-4668-BE54-9A1E7A4F7556}") = "Product.API", "Services\Product\Product.API\Product.API.csproj", "{44EFE389-6333-4F35-A673-FFDADC86A3F6}"
EndProject
Project("{2150E333-8FDC-42A3-9474-1A3956D46DE8}") = "Basket", "Basket", "{40EC1C9B-2AD5-40CA-B434-B9DCF861AB54}"
EndProject
Project("{9A19103F-16F7-4668-BE54-9A1E7A4F7556}") = "Basket.API", "Services\Basket\Basket.API\Basket.API.csproj", "{59FE6C2D-A655-4FD3-9697-7647132EC7AD}"
EndProject
Project("{2150E333-8FDC-42A3-9474-1A3956D46DE8}") = "Ordering", "Ordering", "{90311AB3-4887-4BFF-A7E9-2AF33C19F152}"
EndProject
Project("{9A19103F-16F7-4668-BE54-9A1E7A4F7556}") = "Ordering.API", "Services\Ordering\Ordering.API\Ordering.API.csproj", "{A347AD60-A8DD-464F-A522-263DE6EF6D82}"
EndProject
Project("{2150E333-8FDC-42A3-9474-1A3956D46DE8}") = "Inventory", "Inventory", "{88E0BA3C-15B8-4F8C-8C9D-6D61724E77CC}"
EndProject
Project("{9A19103F-16F7-4668-BE54-9A1E7A4F7556}") = "Inventory.API", "Services\Inventory\Inventory.API\Inventory.API.csproj", "{5EE2DE2C-22D1-4443-9A3B-CF9E7CC049DA}"
EndProject
Project("{2150E333-8FDC-42A3-9474-1A3956D46DE8}") = "Identity", "Identity", "{8384BBED-D4B5-427D-A724-CBA460C09F2E}"
EndProject
Project("{9A19103F-16F7-4668-BE54-9A1E7A4F7556}") = "IdentityServer", "Services\Identity\IdentityServer\IdentityServer.csproj", "{C9FE2E32-6CCE-4738-AA89-7AD345112EB7}"
EndProject
Project("{FAE04EC0-301F-11D3-BF4B-00C04F79EFBC}") = "Ordering.BL", "Services\Ordering\Ordering.BL\Ordering.BL.csproj", "{63379964-1894-44E0-8FD0-0DD61AE9BFFE}"
EndProject
Project("{FAE04EC0-301F-11D3-BF4B-00C04F79EFBC}") = "Ordering.BO", "Services\Ordering\Ordering.BO\Ordering.BO.csproj", "{DF59B032-CED7-4D29-8AEC-F95D9A3D6D78}"
EndProject
Project("{FAE04EC0-301F-11D3-BF4B-00C04F79EFBC}") = "Ordering.DA", "Services\Ordering\Ordering.DA\Ordering.DA.csproj", "{D9E4DFCA-B161-4FEB-8955-310CF514D31E}"
EndProject
Project("{2150E333-8FDC-42A3-9474-1A3956D46DE8}") = "WebApp", "WebApp", "{691C1F2B-3592-48A2-A1CE-752BA96B5EC8}"
EndProject
Project("{FAE04EC0-301F-11D3-BF4B-00C04F79EFBC}") = "AspnetRunBasics", "WebApp\AspnetRunBasics\AspnetRunBasics.csproj", "{3756BFC9-1F78-422A-9794-01659D3F4B21}"
EndProject
Project("{2150E333-8FDC-42A3-9474-1A3956D46DE8}") = "ApiGateways", "ApiGateways", "{80CA0235-DA73-4BB1-9A8F-C0AF73ACC81B}"
EndProject
Project("{FAE04EC0-301F-11D3-BF4B-00C04F79EFBC}") = "Aggregator", "ApiGateways\Aggregator\Aggregator.csproj", "{666237B4-F4E6-4C9C-B788-A704FF4D616F}"
EndProject
Project("{FAE04EC0-301F-11D3-BF4B-00C04F79EFBC}") = "OcelotApiGateway", "ApiGateways\OcelotApiGateway\OcelotApiGateway.csproj", "{3A37A37A-566A-47E2-8676-AD0E1A4A099C}"
EndProject
Global
	GlobalSection(SolutionConfigurationPlatforms) = preSolution
		Debug|Any CPU = Debug|Any CPU
		Debug|x64 = Debug|x64
		Debug|x86 = Debug|x86
		Release|Any CPU = Release|Any CPU
		Release|x64 = Release|x64
		Release|x86 = Release|x86
	EndGlobalSection
	GlobalSection(ProjectConfigurationPlatforms) = postSolution
		{44EFE389-6333-4F35-A673-FFDADC86A3F6}.Debug|Any CPU.ActiveCfg = Debug|Any CPU
		{44EFE389-6333-4F35-A673-FFDADC86A3F6}.Debug|Any CPU.Build.0 = Debug|Any CPU
		{44EFE389-6333-4F35-A673-FFDADC86A3F6}.Debug|x64.ActiveCfg = Debug|Any CPU
		{44EFE389-6333-4F35-A673-FFDADC86A3F6}.Debug|x64.Build.0 = Debug|Any CPU
		{44EFE389-6333-4F35-A673-FFDADC86A3F6}.Debug|x86.ActiveCfg = Debug|Any CPU
		{44EFE389-6333-4F35-A673-FFDADC86A3F6}.Debug|x86.Build.0 = Debug|Any CPU
		{44EFE389-6333-4F35-A673-FFDADC86A3F6}.Release|Any CPU.ActiveCfg = Release|Any CPU
		{44EFE389-6333-4F35-A673-FFDADC86A3F6}.Release|Any CPU.Build.0 = Release|Any CPU
		{44EFE389-6333-4F35-A673-FFDADC86A3F6}.Release|x64.ActiveCfg = Release|Any CPU
		{44EFE389-6333-4F35-A673-FFDADC86A3F6}.Release|x64.Build.0 = Release|Any CPU
		{44EFE389-6333-4F35-A673-FFDADC86A3F6}.Release|x86.ActiveCfg = Release|Any CPU
		{44EFE389-6333-4F35-A673-FFDADC86A3F6}.Release|x86.Build.0 = Release|Any CPU
		{59FE6C2D-A655-4FD3-9697-7647132EC7AD}.Debug|Any CPU.ActiveCfg = Debug|Any CPU
		{59FE6C2D-A655-4FD3-9697-7647132EC7AD}.Debug|Any CPU.Build.0 = Debug|Any CPU
		{59FE6C2D-A655-4FD3-9697-7647132EC7AD}.Debug|x64.ActiveCfg = Debug|Any CPU
		{59FE6C2D-A655-4FD3-9697-7647132EC7AD}.Debug|x64.Build.0 = Debug|Any CPU
		{59FE6C2D-A655-4FD3-9697-7647132EC7AD}.Debug|x86.ActiveCfg = Debug|Any CPU
		{59FE6C2D-A655-4FD3-9697-7647132EC7AD}.Debug|x86.Build.0 = Debug|Any CPU
		{59FE6C2D-A655-4FD3-9697-7647132EC7AD}.Release|Any CPU.ActiveCfg = Release|Any CPU
		{59FE6C2D-A655-4FD3-9697-7647132EC7AD}.Release|Any CPU.Build.0 = Release|Any CPU
		{59FE6C2D-A655-4FD3-9697-7647132EC7AD}.Release|x64.ActiveCfg = Release|Any CPU
		{59FE6C2D-A655-4FD3-9697-7647132EC7AD}.Release|x64.Build.0 = Release|Any CPU
		{59FE6C2D-A655-4FD3-9697-7647132EC7AD}.Release|x86.ActiveCfg = Release|Any CPU
		{59FE6C2D-A655-4FD3-9697-7647132EC7AD}.Release|x86.Build.0 = Release|Any CPU
		{A347AD60-A8DD-464F-A522-263DE6EF6D82}.Debug|Any CPU.ActiveCfg = Debug|Any CPU
		{A347AD60-A8DD-464F-A522-263DE6EF6D82}.Debug|Any CPU.Build.0 = Debug|Any CPU
		{A347AD60-A8DD-464F-A522-263DE6EF6D82}.Debug|x64.ActiveCfg = Debug|Any CPU
		{A347AD60-A8DD-464F-A522-263DE6EF6D82}.Debug|x64.Build.0 = Debug|Any CPU
		{A347AD60-A8DD-464F-A522-263DE6EF6D82}.Debug|x86.ActiveCfg = Debug|Any CPU
		{A347AD60-A8DD-464F-A522-263DE6EF6D82}.Debug|x86.Build.0 = Debug|Any CPU
		{A347AD60-A8DD-464F-A522-263DE6EF6D82}.Release|Any CPU.ActiveCfg = Release|Any CPU
		{A347AD60-A8DD-464F-A522-263DE6EF6D82}.Release|Any CPU.Build.0 = Release|Any CPU
		{A347AD60-A8DD-464F-A522-263DE6EF6D82}.Release|x64.ActiveCfg = Release|Any CPU
		{A347AD60-A8DD-464F-A522-263DE6EF6D82}.Release|x64.Build.0 = Release|Any CPU
		{A347AD60-A8DD-464F-A522-263DE6EF6D82}.Release|x86.ActiveCfg = Release|Any CPU
		{A347AD60-A8DD-464F-A522-263DE6EF6D82}.Release|x86.Build.0 = Release|Any CPU
		{5EE2DE2C-22D1-4443-9A3B-CF9E7CC049DA}.Debug|Any CPU.ActiveCfg = Debug|Any CPU
		{5EE2DE2C-22D1-4443-9A3B-CF9E7CC049DA}.Debug|Any CPU.Build.0 = Debug|Any CPU
		{5EE2DE2C-22D1-4443-9A3B-CF9E7CC049DA}.Debug|x64.ActiveCfg = Debug|Any CPU
		{5EE2DE2C-22D1-4443-9A3B-CF9E7CC049DA}.Debug|x64.Build.0 = Debug|Any CPU
		{5EE2DE2C-22D1-4443-9A3B-CF9E7CC049DA}.Debug|x86.ActiveCfg = Debug|Any CPU
		{5EE2DE2C-22D1-4443-9A3B-CF9E7CC049DA}.Debug|x86.Build.0 = Debug|Any CPU
		{5EE2DE2C-22D1-4443-9A3B-CF9E7CC049DA}.Release|Any CPU.ActiveCfg = Release|Any CPU
		{5EE2DE2C-22D1-4443-9A3B-CF9E7CC049DA}.Release|Any CPU.Build.0 = Release|Any CPU
		{5EE2DE2C-22D1-4443-9A3B-CF9E7CC049DA}.Release|x64.ActiveCfg = Release|Any CPU
		{5EE2DE2C-22D1-4443-9A3B-CF9E7CC049DA}.Release|x64.Build.0 = Release|Any CPU
		{5EE2DE2C-22D1-4443-9A3B-CF9E7CC049DA}.Release|x86.ActiveCfg = Release|Any CPU
		{5EE2DE2C-22D1-4443-9A3B-CF9E7CC049DA}.Release|x86.Build.0 = Release|Any CPU
		{C9FE2E32-6CCE-4738-AA89-7AD345112EB7}.Debug|Any CPU.ActiveCfg = Debug|Any CPU
		{C9FE2E32-6CCE-4738-AA89-7AD345112EB7}.Debug|Any CPU.Build.0 = Debug|Any CPU
		{C9FE2E32-6CCE-4738-AA89-7AD345112EB7}.Debug|x64.ActiveCfg = Debug|Any CPU
		{C9FE2E32-6CCE-4738-AA89-7AD345112EB7}.Debug|x64.Build.0 = Debug|Any CPU
		{C9FE2E32-6CCE-4738-AA89-7AD345112EB7}.Debug|x86.ActiveCfg = Debug|Any CPU
		{C9FE2E32-6CCE-4738-AA89-7AD345112EB7}.Debug|x86.Build.0 = Debug|Any CPU
		{C9FE2E32-6CCE-4738-AA89-7AD345112EB7}.Release|Any CPU.ActiveCfg = Release|Any CPU
		{C9FE2E32-6CCE-4738-AA89-7AD345112EB7}.Release|Any CPU.Build.0 = Release|Any CPU
		{C9FE2E32-6CCE-4738-AA89-7AD345112EB7}.Release|x64.ActiveCfg = Release|Any CPU
		{C9FE2E32-6CCE-4738-AA89-7AD345112EB7}.Release|x64.Build.0 = Release|Any CPU
		{C9FE2E32-6CCE-4738-AA89-7AD345112EB7}.Release|x86.ActiveCfg = Release|Any CPU
		{C9FE2E32-6CCE-4738-AA89-7AD345112EB7}.Release|x86.Build.0 = Release|Any CPU
		{63379964-1894-44E0-8FD0-0DD61AE9BFFE}.Debug|Any CPU.ActiveCfg = Debug|Any CPU
		{63379964-1894-44E0-8FD0-0DD61AE9BFFE}.Debug|Any CPU.Build.0 = Debug|Any CPU
		{63379964-1894-44E0-8FD0-0DD61AE9BFFE}.Debug|x64.ActiveCfg = Debug|Any CPU
		{63379964-1894-44E0-8FD0-0DD61AE9BFFE}.Debug|x64.Build.0 = Debug|Any CPU
		{63379964-1894-44E0-8FD0-0DD61AE9BFFE}.Debug|x86.ActiveCfg = Debug|Any CPU
		{63379964-1894-44E0-8FD0-0DD61AE9BFFE}.Debug|x86.Build.0 = Debug|Any CPU
		{63379964-1894-44E0-8FD0-0DD61AE9BFFE}.Release|Any CPU.ActiveCfg = Release|Any CPU
		{63379964-1894-44E0-8FD0-0DD61AE9BFFE}.Release|Any CPU.Build.0 = Release|Any CPU
		{63379964-1894-44E0-8FD0-0DD61AE9BFFE}.Release|x64.ActiveCfg = Release|Any CPU
		{63379964-1894-44E0-8FD0-0DD61AE9BFFE}.Release|x64.Build.0 = Release|Any CPU
		{63379964-1894-44E0-8FD0-0DD61AE9BFFE}.Release|x86.ActiveCfg = Release|Any CPU
		{63379964-1894-44E0-8FD0-0DD61AE9BFFE}.Release|x86.Build.0 = Release|Any CPU
		{DF59B032-CED7-4D29-8AEC-F95D9A3D6D78}.Debug|Any CPU.ActiveCfg = Debug|Any CPU
		{DF59B032-CED7-4D29-8AEC-F95D9A3D6D78}.Debug|Any CPU.Build.0 = Debug|Any CPU
		{DF59B032-CED7-4D29-8AEC-F95D9A3D6D78}.Debug|x64.ActiveCfg = Debug|Any CPU
		{DF59B032-CED7-4D29-8AEC-F95D9A3D6D78}.Debug|x64.Build.0 = Debug|Any CPU
		{DF59B032-CED7-4D29-8AEC-F95D9A3D6D78}.Debug|x86.ActiveCfg = Debug|Any CPU
		{DF59B032-CED7-4D29-8AEC-F95D9A3D6D78}.Debug|x86.Build.0 = Debug|Any CPU
		{DF59B032-CED7-4D29-8AEC-F95D9A3D6D78}.Release|Any CPU.ActiveCfg = Release|Any CPU
		{DF59B032-CED7-4D29-8AEC-F95D9A3D6D78}.Release|Any CPU.Build.0 = Release|Any CPU
		{DF59B032-CED7-4D29-8AEC-F95D9A3D6D78}.Release|x64.ActiveCfg = Release|Any CPU
		{DF59B032-CED7-4D29-8AEC-F95D9A3D6D78}.Release|x64.Build.0 = Release|Any CPU
		{DF59B032-CED7-4D29-8AEC-F95D9A3D6D78}.Release|x86.ActiveCfg = Release|Any CPU
		{DF59B032-CED7-4D29-8AEC-F95D9A3D6D78}.Release|x86.Build.0 = Release|Any CPU
		{D9E4DFCA-B161-4FEB-8955-310CF514D31E}.Debug|Any CPU.ActiveCfg = Debug|Any CPU
		{D9E4DFCA-B161-4FEB-8955-310CF514D31E}.Debug|Any CPU.Build.0 = Debug|Any CPU
		{D9E4DFCA-B161-4FEB-8955-310CF514D31E}.Debug|x64.ActiveCfg = Debug|Any CPU
		{D9E4DFCA-B161-4FEB-8955-310CF514D31E}.Debug|x64.Build.0 = Debug|Any CPU
		{D9E4DFCA-B161-4FEB-8955-310CF514D31E}.Debug|x86.ActiveCfg = Debug|Any CPU
		{D9E4DFCA-B161-4FEB-8955-310CF514D31E}.Debug|x86.Build.0 = Debug|Any CPU
		{D9E4DFCA-B161-4FEB-8955-310CF514D31E}.Release|Any CPU.ActiveCfg = Release|Any CPU
		{D9E4DFCA-B161-4FEB-8955-310CF514D31E}.Release|Any CPU.Build.0 = Release|Any CPU
		{D9E4DFCA-B161-4FEB-8955-310CF514D31E}.Release|x64.ActiveCfg = Release|Any CPU
		{D9E4DFCA-B161-4FEB-8955-310CF514D31E}.Release|x64.Build.0 = Release|Any CPU
		{D9E4DFCA-B161-4FEB-8955-310CF514D31E}.Release|x86.ActiveCfg = Release|Any CPU
		{D9E4DFCA-B161-4FEB-8955-310CF514D31E}.Release|x86.Build.0 = Release|Any CPU
		{3756BFC9-1F78-422A-9794-01659D3F4B21}.Debug|Any CPU.ActiveCfg = Debug|Any CPU
		{3756BFC9-1F78-422A-9794-01659D3F4B21}.Debug|Any CPU.Build.0 = Debug|Any CPU
		{3756BFC9-1F78-422A-9794-01659D3F4B21}.Debug|x64.ActiveCfg = Debug|Any CPU
		{3756BFC9-1F78-422A-9794-01659D3F4B21}.Debug|x64.Build.0 = Debug|Any CPU
		{3756BFC9-1F78-422A-9794-01659D3F4B21}.Debug|x86.ActiveCfg = Debug|Any CPU
		{3756BFC9-1F78-422A-9794-01659D3F4B21}.Debug|x86.Build.0 = Debug|Any CPU
		{3756BFC9-1F78-422A-9794-01659D3F4B21}.Release|Any CPU.ActiveCfg = Release|Any CPU
		{3756BFC9-1F78-422A-9794-01659D3F4B21}.Release|Any CPU.Build.0 = Release|Any CPU
		{3756BFC9-1F78-422A-9794-01659D3F4B21}.Release|x64.ActiveCfg = Release|Any CPU
		{3756BFC9-1F78-422A-9794-01659D3F4B21}.Release|x64.Build.0 = Release|Any CPU
		{3756BFC9-1F78-422A-9794-01659D3F4B21}.Release|x86.ActiveCfg = Release|Any CPU
		{3756BFC9-1F78-422A-9794-01659D3F4B21}.Release|x86.Build.0 = Release|Any CPU
		{666237B4-F4E6-4C9C-B788-A704FF4D616F}.Debug|Any CPU.ActiveCfg = Debug|Any CPU
		{666237B4-F4E6-4C9C-B788-A704FF4D616F}.Debug|Any CPU.Build.0 = Debug|Any CPU
		{666237B4-F4E6-4C9C-B788-A704FF4D616F}.Debug|x64.ActiveCfg = Debug|Any CPU
		{666237B4-F4E6-4C9C-B788-A704FF4D616F}.Debug|x64.Build.0 = Debug|Any CPU
		{666237B4-F4E6-4C9C-B788-A704FF4D616F}.Debug|x86.ActiveCfg = Debug|Any CPU
		{666237B4-F4E6-4C9C-B788-A704FF4D616F}.Debug|x86.Build.0 = Debug|Any CPU
		{666237B4-F4E6-4C9C-B788-A704FF4D616F}.Release|Any CPU.ActiveCfg = Release|Any CPU
		{666237B4-F4E6-4C9C-B788-A704FF4D616F}.Release|Any CPU.Build.0 = Release|Any CPU
		{666237B4-F4E6-4C9C-B788-A704FF4D616F}.Release|x64.ActiveCfg = Release|Any CPU
		{666237B4-F4E6-4C9C-B788-A704FF4D616F}.Release|x64.Build.0 = Release|Any CPU
		{666237B4-F4E6-4C9C-B788-A704FF4D616F}.Release|x86.ActiveCfg = Release|Any CPU
		{666237B4-F4E6-4C9C-B788-A704FF4D616F}.Release|x86.Build.0 = Release|Any CPU
		{3A37A37A-566A-47E2-8676-AD0E1A4A099C}.Debug|Any CPU.ActiveCfg = Debug|Any CPU
		{3A37A37A-566A-47E2-8676-AD0E1A4A099C}.Debug|Any CPU.Build.0 = Debug|Any CPU
		{3A37A37A-566A-47E2-8676-AD0E1A4A099C}.Debug|x64.ActiveCfg = Debug|Any CPU
		{3A37A37A-566A-47E2-8676-AD0E1A4A099C}.Debug|x64.Build.0 = Debug|Any CPU
		{3A37A37A-566A-47E2-8676-AD0E1A4A099C}.Debug|x86.ActiveCfg = Debug|Any CPU
		{3A37A37A-566A-47E2-8676-AD0E1A4A099C}.Debug|x86.Build.0 = Debug|Any CPU
		{3A37A37A-566A-47E2-8676-AD0E1A4A099C}.Release|Any CPU.ActiveCfg = Release|Any CPU
		{3A37A37A-566A-47E2-8676-AD0E1A4A099C}.Release|Any CPU.Build.0 = Release|Any CPU
		{3A37A37A-566A-47E2-8676-AD0E1A4A099C}.Release|x64.ActiveCfg = Release|Any CPU
		{3A37A37A-566A-47E2-8676-AD0E1A4A099C}.Release|x64.Build.0 = Release|Any CPU
		{3A37A37A-566A-47E2-8676-AD0E1A4A099C}.Release|x86.ActiveCfg = Release|Any CPU
		{3A37A37A-566A-47E2-8676-AD0E1A4A099C}.Release|x86.Build.0 = Release|Any CPU
	EndGlobalSection
	GlobalSection(SolutionProperties) = preSolution
		HideSolutionNode = FALSE
	EndGlobalSection
	GlobalSection(NestedProjects) = preSolution
		{C0374074-E6AC-488E-95E2-5C2347E44C6E} = {5B99CF45-87A2-4452-9DE2-420CA65D03BD}
		{44EFE389-6333-4F35-A673-FFDADC86A3F6} = {C0374074-E6AC-488E-95E2-5C2347E44C6E}
		{40EC1C9B-2AD5-40CA-B434-B9DCF861AB54} = {5B99CF45-87A2-4452-9DE2-420CA65D03BD}
		{59FE6C2D-A655-4FD3-9697-7647132EC7AD} = {40EC1C9B-2AD5-40CA-B434-B9DCF861AB54}
		{90311AB3-4887-4BFF-A7E9-2AF33C19F152} = {5B99CF45-87A2-4452-9DE2-420CA65D03BD}
		{A347AD60-A8DD-464F-A522-263DE6EF6D82} = {90311AB3-4887-4BFF-A7E9-2AF33C19F152}
		{88E0BA3C-15B8-4F8C-8C9D-6D61724E77CC} = {5B99CF45-87A2-4452-9DE2-420CA65D03BD}
		{5EE2DE2C-22D1-4443-9A3B-CF9E7CC049DA} = {88E0BA3C-15B8-4F8C-8C9D-6D61724E77CC}
		{8384BBED-D4B5-427D-A724-CBA460C09F2E} = {5B99CF45-87A2-4452-9DE2-420CA65D03BD}
		{C9FE2E32-6CCE-4738-AA89-7AD345112EB7} = {8384BBED-D4B5-427D-A724-CBA460C09F2E}
		{63379964-1894-44E0-8FD0-0DD61AE9BFFE} = {90311AB3-4887-4BFF-A7E9-2AF33C19F152}
		{DF59B032-CED7-4D29-8AEC-F95D9A3D6D78} = {90311AB3-4887-4BFF-A7E9-2AF33C19F152}
		{D9E4DFCA-B161-4FEB-8955-310CF514D31E} = {90311AB3-4887-4BFF-A7E9-2AF33C19F152}
		{3756BFC9-1F78-422A-9794-01659D3F4B21} = {691C1F2B-3592-48A2-A1CE-752BA96B5EC8}
		{666237B4-F4E6-4C9C-B788-A704FF4D616F} = {80CA0235-DA73-4BB1-9A8F-C0AF73ACC81B}
		{3A37A37A-566A-47E2-8676-AD0E1A4A099C} = {80CA0235-DA73-4BB1-9A8F-C0AF73ACC81B}
	EndGlobalSection
	GlobalSection(ExtensibilityGlobals) = postSolution
		SolutionGuid = {94871DE9-ED62-4383-9390-890EFA4C2354}
	EndGlobalSection
EndGlobal
